// !$*UTF8*$!
{
	archiveVersion = 1;
	classes = {
	};
	objectVersion = 46;
	objects = {

/* Begin PBXBuildFile section */
		84BDF8611F1DA43D00BA9228 /* AppDelegate.swift in Sources */ = {isa = PBXBuildFile; fileRef = 84BDF8601F1DA43D00BA9228 /* AppDelegate.swift */; };
		84BDF8631F1DA43D00BA9228 /* ViewController.swift in Sources */ = {isa = PBXBuildFile; fileRef = 84BDF8621F1DA43D00BA9228 /* ViewController.swift */; };
		84BDF8661F1DA43E00BA9228 /* Main.storyboard in Resources */ = {isa = PBXBuildFile; fileRef = 84BDF8641F1DA43E00BA9228 /* Main.storyboard */; };
		84BDF8681F1DA43E00BA9228 /* Assets.xcassets in Resources */ = {isa = PBXBuildFile; fileRef = 84BDF8671F1DA43E00BA9228 /* Assets.xcassets */; };
		84BDF86B1F1DA43E00BA9228 /* LaunchScreen.storyboard in Resources */ = {isa = PBXBuildFile; fileRef = 84BDF8691F1DA43E00BA9228 /* LaunchScreen.storyboard */; };
/* End PBXBuildFile section */

/* Begin PBXFileReference section */
		84BDF85D1F1DA43D00BA9228 /* TrainingIOS.app */ = {isa = PBXFileReference; explicitFileType = wrapper.application; includeInIndex = 0; path = TrainingIOS.app; sourceTree = BUILT_PRODUCTS_DIR; };
		84BDF8601F1DA43D00BA9228 /* AppDelegate.swift */ = {isa = PBXFileReference; lastKnownFileType = sourcecode.swift; path = AppDelegate.swift; sourceTree = "<group>"; };
		84BDF8621F1DA43D00BA9228 /* ViewController.swift */ = {isa = PBXFileReference; lastKnownFileType = sourcecode.swift; path = ViewController.swift; sourceTree = "<group>"; };
		84BDF8651F1DA43E00BA9228 /* Base */ = {isa = PBXFileReference; lastKnownFileType = file.storyboard; name = Base; path = Base.lproj/Main.storyboard; sourceTree = "<group>"; };
		84BDF8671F1DA43E00BA9228 /* Assets.xcassets */ = {isa = PBXFileReference; lastKnownFileType = folder.assetcatalog; path = Assets.xcassets; sourceTree = "<group>"; };
		84BDF86A1F1DA43E00BA9228 /* Base */ = {isa = PBXFileReference; lastKnownFileType = file.storyboard; name = Base; path = Base.lproj/LaunchScreen.storyboard; sourceTree = "<group>"; };
		84BDF86C1F1DA43E00BA9228 /* Info.plist */ = {isa = PBXFileReference; lastKnownFileType = text.plist.xml; path = Info.plist; sourceTree = "<group>"; };
/* End PBXFileReference section */

/* Begin PBXFrameworksBuildPhase section */
		84BDF85A1F1DA43D00BA9228 /* Frameworks */ = {
			isa = PBXFrameworksBuildPhase;
			buildActionMask = 2147483647;
			files = (
			);
			runOnlyForDeploymentPostprocessing = 0;
		};
/* End PBXFrameworksBuildPhase section */

/* Begin PBXGroup section */
		84BDF8541F1DA43D00BA9228 = {
			isa = PBXGroup;
			children = (
				84BDF85F1F1DA43D00BA9228 /* TrainingIOS */,
				84BDF85E1F1DA43D00BA9228 /* Products */,
			);
			sourceTree = "<group>";
		};
		84BDF85E1F1DA43D00BA9228 /* Products */ = {
			isa = PBXGroup;
			children = (
				84BDF85D1F1DA43D00BA9228 /* TrainingIOS.app */,
			);
			name = Products;
			sourceTree = "<group>";
		};
		84BDF85F1F1DA43D00BA9228 /* TrainingIOS */ = {
			isa = PBXGroup;
			children = (
				84BDF8601F1DA43D00BA9228 /* AppDelegate.swift */,
				84BDF8621F1DA43D00BA9228 /* ViewController.swift */,
				84BDF8641F1DA43E00BA9228 /* Main.storyboard */,
				84BDF8671F1DA43E00BA9228 /* Assets.xcassets */,
				84BDF8691F1DA43E00BA9228 /* LaunchScreen.storyboard */,
				84BDF86C1F1DA43E00BA9228 /* Info.plist */,
			);
			path = TrainingIOS;
			sourceTree = "<group>";
		};
/* End PBXGroup section */

/* Begin PBXNativeTarget section */
		84BDF85C1F1DA43D00BA9228 /* TrainingIOS */ = {
			isa = PBXNativeTarget;
			buildConfigurationList = 84BDF86F1F1DA43E00BA9228 /* Build configuration list for PBXNativeTarget "TrainingIOS" */;
			buildPhases = (
				84BDF8591F1DA43D00BA9228 /* Sources */,
				84BDF85A1F1DA43D00BA9228 /* Frameworks */,
				84BDF85B1F1DA43D00BA9228 /* Resources */,
			);
			buildRules = (
			);
			dependencies = (
			);
			name = TrainingIOS;
			productName = TrainingIOS;
			productReference = 84BDF85D1F1DA43D00BA9228 /* TrainingIOS.app */;
			productType = "com.apple.product-type.application";
		};
/* End PBXNativeTarget section */

/* Begin PBXProject section */
		84BDF8551F1DA43D00BA9228 /* Project object */ = {
			isa = PBXProject;
			attributes = {
				LastSwiftUpdateCheck = 0830;
				LastUpgradeCheck = 0830;
				ORGANIZATIONNAME = DaoNhat;
				TargetAttributes = {
					84BDF85C1F1DA43D00BA9228 = {
						CreatedOnToolsVersion = 8.3.3;
						ProvisioningStyle = Automatic;
					};
				};
			};
			buildConfigurationList = 84BDF8581F1DA43D00BA9228 /* Build configuration list for PBXProject "TrainingIOS" */;
			compatibilityVersion = "Xcode 3.2";
			developmentRegion = English;
			hasScannedForEncodings = 0;
			knownRegions = (
				en,
				Base,
			);
			mainGroup = 84BDF8541F1DA43D00BA9228;
			productRefGroup = 84BDF85E1F1DA43D00BA9228 /* Products */;
			projectDirPath = "";
			projectRoot = "";
			targets = (
				84BDF85C1F1DA43D00BA9228 /* TrainingIOS */,
			);
		};
/* End PBXProject section */

/* Begin PBXResourcesBuildPhase section */
		84BDF85B1F1DA43D00BA9228 /* Resources */ = {
			isa = PBXResourcesBuildPhase;
			buildActionMask = 2147483647;
			files = (
				84BDF86B1F1DA43E00BA9228 /* LaunchScreen.storyboard in Resources */,
				84BDF8681F1DA43E00BA9228 /* Assets.xcassets in Resources */,
				84BDF8661F1DA43E00BA9228 /* Main.storyboard in Resources */,
			);
			runOnlyForDeploymentPostprocessing = 0;
		};
/* End PBXResourcesBuildPhase section */

/* Begin PBXSourcesBuildPhase section */
		84BDF8591F1DA43D00BA9228 /* Sources */ = {
			isa = PBXSourcesBuildPhase;
			buildActionMask = 2147483647;
			files = (
				84BDF8631F1DA43D00BA9228 /* ViewController.swift in Sources */,
				84BDF8611F1DA43D00BA9228 /* AppDelegate.swift in Sources */,
			);
			runOnlyForDeploymentPostprocessing = 0;
		};
/* End PBXSourcesBuildPhase section */

/* Begin PBXVariantGroup section */
		84BDF8641F1DA43E00BA9228 /* Main.storyboard */ = {
			isa = PBXVariantGroup;
			children = (
				84BDF8651F1DA43E00BA9228 /* Base */,
			);
			name = Main.storyboard;
			sourceTree = "<group>";
		};
		84BDF8691F1DA43E00BA9228 /* LaunchScreen.storyboard */ = {
			isa = PBXVariantGroup;
			children = (
				84BDF86A1F1DA43E00BA9228 /* Base */,
			);
			name = LaunchScreen.storyboard;
			sourceTree = "<group>";
		};
/* End PBXVariantGroup section */

/* Begin XCBuildConfiguration section */
		84BDF86D1F1DA43E00BA9228 /* Debug */ = {
			isa = XCBuildConfiguration;
			buildSettings = {
				ALWAYS_SEARCH_USER_PATHS = NO;
				CLANG_ANALYZER_NONNULL = YES;
				CLANG_ANALYZER_NUMBER_OBJECT_CONVERSION = YES_AGGRESSIVE;
				CLANG_CXX_LANGUAGE_STANDARD = "gnu++0x";
				CLANG_CXX_LIBRARY = "libc++";
				CLANG_ENABLE_MODULES = YES;
				CLANG_ENABLE_OBJC_ARC = YES;
				CLANG_WARN_BOOL_CONVERSION = YES;
				CLANG_WARN_CONSTANT_CONVERSION = YES;
				CLANG_WARN_DIRECT_OBJC_ISA_USAGE = YES_ERROR;
				CLANG_WARN_DOCUMENTATION_COMMENTS = YES;
				CLANG_WARN_EMPTY_BODY = YES;
				CLANG_WARN_ENUM_CONVERSION = YES;
				CLANG_WARN_INFINITE_RECURSION = YES;
				CLANG_WARN_INT_CONVERSION = YES;
				CLANG_WARN_OBJC_ROOT_CLASS = YES_ERROR;
				CLANG_WARN_SUSPICIOUS_MOVE = YES;
				CLANG_WARN_UNREACHABLE_CODE = YES;
				CLANG_WARN__DUPLICATE_METHOD_MATCH = YES;
				"CODE_SIGN_IDENTITY[sdk=iphoneos*]" = "iPhone Developer";
				COPY_PHASE_STRIP = NO;
				DEBUG_INFORMATION_FORMAT = dwarf;
				ENABLE_STRICT_OBJC_MSGSEND = YES;
				ENABLE_TESTABILITY = YES;
				GCC_C_LANGUAGE_STANDARD = gnu99;
				GCC_DYNAMIC_NO_PIC = NO;
				GCC_NO_COMMON_BLOCKS = YES;
				GCC_OPTIMIZATION_LEVEL = 0;
				GCC_PREPROCESSOR_DEFINITIONS = (
					"DEBUG=1",
					"$(inherited)",
				);
				GCC_WARN_64_TO_32_BIT_CONVERSION = YES;
				GCC_WARN_ABOUT_RETURN_TYPE = YES_ERROR;
				GCC_WARN_UNDECLARED_SELECTOR = YES;
				GCC_WARN_UNINITIALIZED_AUTOS = YES_AGGRESSIVE;
				GCC_WARN_UNUSED_FUNCTION = YES;
				GCC_WARN_UNUSED_VARIABLE = YES;
				IPHONEOS_DEPLOYMENT_TARGET = 10.3;
				MTL_ENABLE_DEBUG_INFO = YES;
				ONLY_ACTIVE_ARCH = YES;
				SDKROOT = iphoneos;
				SWIFT_ACTIVE_COMPILATION_CONDITIONS = DEBUG;
				SWIFT_OPTIMIZATION_LEVEL = "-Onone";
			};
			name = Debug;
		};
		84BDF86E1F1DA43E00BA9228 /* Release */ = {
			isa = XCBuildConfiguration;
			buildSettings = {
				ALWAYS_SEARCH_USER_PATHS = NO;
				CLANG_ANALYZER_NONNULL = YES;
				CLANG_ANALYZER_NUMBER_OBJECT_CONVERSION = YES_AGGRESSIVE;
				CLANG_CXX_LANGUAGE_STANDARD = "gnu++0x";
				CLANG_CXX_LIBRARY = "libc++";
				CLANG_ENABLE_MODULES = YES;
				CLANG_ENABLE_OBJC_ARC = YES;
				CLANG_WARN_BOOL_CONVERSION = YES;
				CLANG_WARN_CONSTANT_CONVERSION = YES;
				CLANG_WARN_DIRECT_OBJC_ISA_USAGE = YES_ERROR;
				CLANG_WARN_DOCUMENTATION_COMMENTS = YES;
				CLANG_WARN_EMPTY_BODY = YES;
				CLANG_WARN_ENUM_CONVERSION = YES;
				CLANG_WARN_INFINITE_RECURSION = YES;
				CLANG_WARN_INT_CONVERSION = YES;
				CLANG_WARN_OBJC_ROOT_CLASS = YES_ERROR;
				CLANG_WARN_SUSPICIOUS_MOVE = YES;
				CLANG_WARN_UNREACHABLE_CODE = YES;
				CLANG_WARN__DUPLICATE_METHOD_MATCH = YES;
				"CODE_SIGN_IDENTITY[sdk=iphoneos*]" = "iPhone Developer";
				COPY_PHASE_STRIP = NO;
				DEBUG_INFORMATION_FORMAT = "dwarf-with-dsym";
				ENABLE_NS_ASSERTIONS = NO;
				ENABLE_STRICT_OBJC_MSGSEND = YES;
				GCC_C_LANGUAGE_STANDARD = gnu99;
				GCC_NO_COMMON_BLOCKS = YES;
				GCC_WARN_64_TO_32_BIT_CONVERSION = YES;
				GCC_WARN_ABOUT_RETURN_TYPE = YES_ERROR;
				GCC_WARN_UNDECLARED_SELECTOR = YES;
				GCC_WARN_UNINITIALIZED_AUTOS = YES_AGGRESSIVE;
				GCC_WARN_UNUSED_FUNCTION = YES;
				GCC_WARN_UNUSED_VARIABLE = YES;
				IPHONEOS_DEPLOYMENT_TARGET = 10.3;
				MTL_ENABLE_DEBUG_INFO = NO;
				SDKROOT = iphoneos;
				SWIFT_OPTIMIZATION_LEVEL = "-Owholemodule";
				VALIDATE_PRODUCT = YES;
			};
			name = Release;
		};
		84BDF8701F1DA43E00BA9228 /* Debug */ = {
			isa = XCBuildConfiguration;
			buildSettings = {
				ASSETCATALOG_COMPILER_APPICON_NAME = AppIcon;
				INFOPLIST_FILE = TrainingIOS/Info.plist;
				LD_RUNPATH_SEARCH_PATHS = "$(inherited) @executable_path/Frameworks";
				PRODUCT_BUNDLE_IDENTIFIER = DaoNhat.TrainingIOS;
				PRODUCT_NAME = "$(TARGET_NAME)";
				SWIFT_VERSION = 3.0;
			};
			name = Debug;
		};
		84BDF8711F1DA43E00BA9228 /* Release */ = {
			isa = XCBuildConfiguration;
			buildSettings = {
				ASSETCATALOG_COMPILER_APPICON_NAME = AppIcon;
				INFOPLIST_FILE = TrainingIOS/Info.plist;
				LD_RUNPATH_SEARCH_PATHS = "$(inherited) @executable_path/Frameworks";
				PRODUCT_BUNDLE_IDENTIFIER = DaoNhat.TrainingIOS;
				PRODUCT_NAME = "$(TARGET_NAME)";
				SWIFT_VERSION = 3.0;
			};
			name = Release;
		};
/* End XCBuildConfiguration section */

/* Begin XCConfigurationList section */
		84BDF8581F1DA43D00BA9228 /* Build configuration list for PBXProject "TrainingIOS" */ = {
			isa = XCConfigurationList;
			buildConfigurations = (
				84BDF86D1F1DA43E00BA9228 /* Debug */,
				84BDF86E1F1DA43E00BA9228 /* Release */,
			);
			defaultConfigurationIsVisible = 0;
			defaultConfigurationName = Release;
		};
		84BDF86F1F1DA43E00BA9228 /* Build configuration list for PBXNativeTarget "TrainingIOS" */ = {
			isa = XCConfigurationList;
			buildConfigurations = (
				84BDF8701F1DA43E00BA9228 /* Debug */,
				84BDF8711F1DA43E00BA9228 /* Release */,
			);
			defaultConfigurationIsVisible = 0;
		};
/* End XCConfigurationList section */
	};
	rootObject = 84BDF8551F1DA43D00BA9228 /* Project object */;
}
